
Microsoft Visual Studio Solution File, Format Version 12.00
# Visual Studio Version 17
VisualStudioVersion = 17.4.33403.182
MinimumVisualStudioVersion = 10.0.40219.1
Project("{FAE04EC0-301F-11D3-BF4B-00C04F79EFBC}") = "EventDemo", "EventDemo\EventDemo.csproj", "{9791E9EE-0B65-438B-A4FB-39909D1E9573}"
EndProject
Global
	GlobalSection(SolutionConfigurationPlatforms) = preSolution
		Debug|Any CPU = Debug|Any CPU
		Release|Any CPU = Release|Any CPU
	EndGlobalSection
	GlobalSection(ProjectConfigurationPlatforms) = postSolution
		{9791E9EE-0B65-438B-A4FB-39909D1E9573}.Debug|Any CPU.ActiveCfg = Debug|Any CPU
		{9791E9EE-0B65-438B-A4FB-39909D1E9573}.Debug|Any CPU.Build.0 = Debug|Any CPU
		{9791E9EE-0B65-438B-A4FB-39909D1E9573}.Release|Any CPU.ActiveCfg = Release|Any CPU
		{9791E9EE-0B65-438B-A4FB-39909D1E9573}.Release|Any CPU.Build.0 = Release|Any CPU
	EndGlobalSection
	GlobalSection(SolutionProperties) = preSolution
		HideSolutionNode = FALSE
	EndGlobalSection
	GlobalSection(ExtensibilityGlobals) = postSolution
		SolutionGuid = {0B8AC6DD-89EA-4D62-9325-B915BD8CAA3A}
	EndGlobalSection
EndGlobal
